
Microsoft Visual Studio Solution File, Format Version 12.00
# Visual Studio Version 17
VisualStudioVersion = 17.7.34024.191
MinimumVisualStudioVersion = 10.0.40219.1
Project("{FAE04EC0-301F-11D3-BF4B-00C04F79EFBC}") = "FirstProject", "FirstProject\FirstProject.csproj", "{BA7FE827-BC20-4726-8451-958960B80525}"
EndProject
Global
	GlobalSection(SolutionConfigurationPlatforms) = preSolution
		Debug|Any CPU = Debug|Any CPU
		Release|Any CPU = Release|Any CPU
	EndGlobalSection
	GlobalSection(ProjectConfigurationPlatforms) = postSolution
		{BA7FE827-BC20-4726-8451-958960B80525}.Debug|Any CPU.ActiveCfg = Debug|Any CPU
		{BA7FE827-BC20-4726-8451-958960B80525}.Debug|Any CPU.Build.0 = Debug|Any CPU
		{BA7FE827-BC20-4726-8451-958960B80525}.Release|Any CPU.ActiveCfg = Release|Any CPU
		{BA7FE827-BC20-4726-8451-958960B80525}.Release|Any CPU.Build.0 = Release|Any CPU
	EndGlobalSection
	GlobalSection(SolutionProperties) = preSolution
		HideSolutionNode = FALSE
	EndGlobalSection
	GlobalSection(ExtensibilityGlobals) = postSolution
		SolutionGuid = {80695A54-BADC-4402-9724-7FCDA5F3FD78}
	EndGlobalSection
EndGlobal
