
Microsoft Visual Studio Solution File, Format Version 12.00
# Visual Studio Version 17
VisualStudioVersion = 17.7.34024.191
MinimumVisualStudioVersion = 10.0.40219.1
Project("{9A19103F-16F7-4668-BE54-9A1E7A4F7556}") = "FirstProject", "newproject\FirstProject.csproj", "{0664A65D-8FB3-4DEA-AAFE-A679ACE53F5A}"
EndProject
Project("{9A19103F-16F7-4668-BE54-9A1E7A4F7556}") = "Operators", "Operators\Operators.csproj", "{7E32145A-4880-49BC-8CB6-1EEFB9BAF494}"
EndProject
Project("{9A19103F-16F7-4668-BE54-9A1E7A4F7556}") = "Array", "Array\Array.csproj", "{A2B75EF4-C8F8-4E42-AED9-BD5139350CE7}"
EndProject
Project("{FAE04EC0-301F-11D3-BF4B-00C04F79EFBC}") = "EnumTypes", "EnumTypes\EnumTypes.csproj", "{51DCA712-902D-405E-AB91-60D1B04A6CD3}"
EndProject
Project("{FAE04EC0-301F-11D3-BF4B-00C04F79EFBC}") = "Structure", "Structure\Structure.csproj", "{CA2208DF-1865-456C-95CE-D2C9E17AB43C}"
EndProject
Project("{FAE04EC0-301F-11D3-BF4B-00C04F79EFBC}") = "Inheritance", "Inheritance\Inheritance.csproj", "{94E8256D-B8CA-4665-8A87-DA1B2AA3F81D}"
EndProject
Project("{2150E333-8FDC-42A3-9474-1A3956D46DE8}") = "솔루션 항목", "솔루션 항목", "{54CC900A-07B1-48D3-A7A9-302D58214467}"
EndProject
Global
	GlobalSection(SolutionConfigurationPlatforms) = preSolution
		Debug|Any CPU = Debug|Any CPU
		Release|Any CPU = Release|Any CPU
	EndGlobalSection
	GlobalSection(ProjectConfigurationPlatforms) = postSolution
		{0664A65D-8FB3-4DEA-AAFE-A679ACE53F5A}.Debug|Any CPU.ActiveCfg = Debug|Any CPU
		{0664A65D-8FB3-4DEA-AAFE-A679ACE53F5A}.Debug|Any CPU.Build.0 = Debug|Any CPU
		{0664A65D-8FB3-4DEA-AAFE-A679ACE53F5A}.Release|Any CPU.ActiveCfg = Release|Any CPU
		{0664A65D-8FB3-4DEA-AAFE-A679ACE53F5A}.Release|Any CPU.Build.0 = Release|Any CPU
		{7E32145A-4880-49BC-8CB6-1EEFB9BAF494}.Debug|Any CPU.ActiveCfg = Debug|Any CPU
		{7E32145A-4880-49BC-8CB6-1EEFB9BAF494}.Debug|Any CPU.Build.0 = Debug|Any CPU
		{7E32145A-4880-49BC-8CB6-1EEFB9BAF494}.Release|Any CPU.ActiveCfg = Release|Any CPU
		{7E32145A-4880-49BC-8CB6-1EEFB9BAF494}.Release|Any CPU.Build.0 = Release|Any CPU
		{A2B75EF4-C8F8-4E42-AED9-BD5139350CE7}.Debug|Any CPU.ActiveCfg = Debug|Any CPU
		{A2B75EF4-C8F8-4E42-AED9-BD5139350CE7}.Debug|Any CPU.Build.0 = Debug|Any CPU
		{A2B75EF4-C8F8-4E42-AED9-BD5139350CE7}.Release|Any CPU.ActiveCfg = Release|Any CPU
		{A2B75EF4-C8F8-4E42-AED9-BD5139350CE7}.Release|Any CPU.Build.0 = Release|Any CPU
		{51DCA712-902D-405E-AB91-60D1B04A6CD3}.Debug|Any CPU.ActiveCfg = Debug|Any CPU
		{51DCA712-902D-405E-AB91-60D1B04A6CD3}.Debug|Any CPU.Build.0 = Debug|Any CPU
		{51DCA712-902D-405E-AB91-60D1B04A6CD3}.Release|Any CPU.ActiveCfg = Release|Any CPU
		{51DCA712-902D-405E-AB91-60D1B04A6CD3}.Release|Any CPU.Build.0 = Release|Any CPU
		{CA2208DF-1865-456C-95CE-D2C9E17AB43C}.Debug|Any CPU.ActiveCfg = Debug|Any CPU
		{CA2208DF-1865-456C-95CE-D2C9E17AB43C}.Debug|Any CPU.Build.0 = Debug|Any CPU
		{CA2208DF-1865-456C-95CE-D2C9E17AB43C}.Release|Any CPU.ActiveCfg = Release|Any CPU
		{CA2208DF-1865-456C-95CE-D2C9E17AB43C}.Release|Any CPU.Build.0 = Release|Any CPU
		{94E8256D-B8CA-4665-8A87-DA1B2AA3F81D}.Debug|Any CPU.ActiveCfg = Debug|Any CPU
		{94E8256D-B8CA-4665-8A87-DA1B2AA3F81D}.Debug|Any CPU.Build.0 = Debug|Any CPU
		{94E8256D-B8CA-4665-8A87-DA1B2AA3F81D}.Release|Any CPU.ActiveCfg = Release|Any CPU
		{94E8256D-B8CA-4665-8A87-DA1B2AA3F81D}.Release|Any CPU.Build.0 = Release|Any CPU
	EndGlobalSection
	GlobalSection(SolutionProperties) = preSolution
		HideSolutionNode = FALSE
	EndGlobalSection
	GlobalSection(ExtensibilityGlobals) = postSolution
		SolutionGuid = {0141930C-C49B-410C-BCC0-40055F3FFA6F}
	EndGlobalSection
EndGlobal
